// !$*UTF8*$!
{
	archiveVersion = 1;
	classes = {
	};
	objectVersion = 77;
	objects = {

/* Begin PBXBuildFile section */
		86815A002EE66A4200AC7DA4 /* SwiftUIIntrospect in Frameworks */ = {isa = PBXBuildFile; productRef = 868159FF2EE66A4200AC7DA4 /* SwiftUIIntrospect */; };
		869B4B712EE2788300FF118A /* HighlightSwift in Frameworks */ = {isa = PBXBuildFile; productRef = 869B4B702EE2788300FF118A /* HighlightSwift */; };
/* End PBXBuildFile section */

/* Begin PBXContainerItemProxy section */
		869B6C842EE254620088CB7E /* PBXContainerItemProxy */ = {
			isa = PBXContainerItemProxy;
			containerPortal = 869B6C6A2EE254610088CB7E /* Project object */;
			proxyType = 1;
			remoteGlobalIDString = 869B6C712EE254610088CB7E;
			remoteInfo = ReadEvalPrintLoop;
		};
		869B6C8E2EE254620088CB7E /* PBXContainerItemProxy */ = {
			isa = PBXContainerItemProxy;
			containerPortal = 869B6C6A2EE254610088CB7E /* Project object */;
			proxyType = 1;
			remoteGlobalIDString = 869B6C712EE254610088CB7E;
			remoteInfo = ReadEvalPrintLoop;
		};
/* End PBXContainerItemProxy section */

/* Begin PBXFileReference section */
		869B6C722EE254610088CB7E /* ReadEvalPrintLoop.app */ = {isa = PBXFileReference; explicitFileType = wrapper.application; includeInIndex = 0; path = ReadEvalPrintLoop.app; sourceTree = BUILT_PRODUCTS_DIR; };
		869B6C832EE254620088CB7E /* ReadEvalPrintLoopTests.xctest */ = {isa = PBXFileReference; explicitFileType = wrapper.cfbundle; includeInIndex = 0; path = ReadEvalPrintLoopTests.xctest; sourceTree = BUILT_PRODUCTS_DIR; };
		869B6C8D2EE254620088CB7E /* ReadEvalPrintLoopUITests.xctest */ = {isa = PBXFileReference; explicitFileType = wrapper.cfbundle; includeInIndex = 0; path = ReadEvalPrintLoopUITests.xctest; sourceTree = BUILT_PRODUCTS_DIR; };
/* End PBXFileReference section */

/* Begin PBXFileSystemSynchronizedBuildFileExceptionSet section */
		869B6C952EE254620088CB7E /* Exceptions for "ReadEvalPrintLoop" folder in "ReadEvalPrintLoop" target */ = {
			isa = PBXFileSystemSynchronizedBuildFileExceptionSet;
			membershipExceptions = (
				Info.plist,
			);
			target = 869B6C712EE254610088CB7E /* ReadEvalPrintLoop */;
		};
/* End PBXFileSystemSynchronizedBuildFileExceptionSet section */

/* Begin PBXFileSystemSynchronizedRootGroup section */
		869B6C742EE254610088CB7E /* ReadEvalPrintLoop */ = {
			isa = PBXFileSystemSynchronizedRootGroup;
			exceptions = (
				869B6C952EE254620088CB7E /* Exceptions for "ReadEvalPrintLoop" folder in "ReadEvalPrintLoop" target */,
			);
			path = ReadEvalPrintLoop;
			sourceTree = "<group>";
		};
		869B6C862EE254620088CB7E /* ReadEvalPrintLoopTests */ = {
			isa = PBXFileSystemSynchronizedRootGroup;
			path = ReadEvalPrintLoopTests;
			sourceTree = "<group>";
		};
		869B6C902EE254620088CB7E /* ReadEvalPrintLoopUITests */ = {
			isa = PBXFileSystemSynchronizedRootGroup;
			path = ReadEvalPrintLoopUITests;
			sourceTree = "<group>";
		};
/* End PBXFileSystemSynchronizedRootGroup section */

/* Begin PBXFrameworksBuildPhase section */
		869B6C6F2EE254610088CB7E /* Frameworks */ = {
			isa = PBXFrameworksBuildPhase;
			buildActionMask = 2147483647;
			files = (
				869B4B712EE2788300FF118A /* HighlightSwift in Frameworks */,
				86815A002EE66A4200AC7DA4 /* SwiftUIIntrospect in Frameworks */,
			);
			runOnlyForDeploymentPostprocessing = 0;
		};
		869B6C802EE254620088CB7E /* Frameworks */ = {
			isa = PBXFrameworksBuildPhase;
			buildActionMask = 2147483647;
			files = (
			);
			runOnlyForDeploymentPostprocessing = 0;
		};
		869B6C8A2EE254620088CB7E /* Frameworks */ = {
			isa = PBXFrameworksBuildPhase;
			buildActionMask = 2147483647;
			files = (
			);
			runOnlyForDeploymentPostprocessing = 0;
		};
/* End PBXFrameworksBuildPhase section */

/* Begin PBXGroup section */
		869B6C692EE254610088CB7E = {
			isa = PBXGroup;
			children = (
				869B6C742EE254610088CB7E /* ReadEvalPrintLoop */,
				869B6C862EE254620088CB7E /* ReadEvalPrintLoopTests */,
				869B6C902EE254620088CB7E /* ReadEvalPrintLoopUITests */,
				869B6C732EE254610088CB7E /* Products */,
			);
			sourceTree = "<group>";
		};
		869B6C732EE254610088CB7E /* Products */ = {
			isa = PBXGroup;
			children = (
				869B6C722EE254610088CB7E /* ReadEvalPrintLoop.app */,
				869B6C832EE254620088CB7E /* ReadEvalPrintLoopTests.xctest */,
				869B6C8D2EE254620088CB7E /* ReadEvalPrintLoopUITests.xctest */,
			);
			name = Products;
			sourceTree = "<group>";
		};
/* End PBXGroup section */

/* Begin PBXNativeTarget section */
		869B6C712EE254610088CB7E /* ReadEvalPrintLoop */ = {
			isa = PBXNativeTarget;
			buildConfigurationList = 869B6C962EE254620088CB7E /* Build configuration list for PBXNativeTarget "ReadEvalPrintLoop" */;
			buildPhases = (
				869B6C6E2EE254610088CB7E /* Sources */,
				869B6C6F2EE254610088CB7E /* Frameworks */,
				869B6C702EE254610088CB7E /* Resources */,
			);
			buildRules = (
			);
			dependencies = (
			);
			fileSystemSynchronizedGroups = (
				869B6C742EE254610088CB7E /* ReadEvalPrintLoop */,
			);
			name = ReadEvalPrintLoop;
			packageProductDependencies = (
				869B4B702EE2788300FF118A /* HighlightSwift */,
				868159FF2EE66A4200AC7DA4 /* SwiftUIIntrospect */,
			);
			productName = ReadEvalPrintLoop;
			productReference = 869B6C722EE254610088CB7E /* ReadEvalPrintLoop.app */;
			productType = "com.apple.product-type.application";
		};
		869B6C822EE254620088CB7E /* ReadEvalPrintLoopTests */ = {
			isa = PBXNativeTarget;
			buildConfigurationList = 869B6C9B2EE254620088CB7E /* Build configuration list for PBXNativeTarget "ReadEvalPrintLoopTests" */;
			buildPhases = (
				869B6C7F2EE254620088CB7E /* Sources */,
				869B6C802EE254620088CB7E /* Frameworks */,
				869B6C812EE254620088CB7E /* Resources */,
			);
			buildRules = (
			);
			dependencies = (
				869B6C852EE254620088CB7E /* PBXTargetDependency */,
			);
			fileSystemSynchronizedGroups = (
				869B6C862EE254620088CB7E /* ReadEvalPrintLoopTests */,
			);
			name = ReadEvalPrintLoopTests;
			packageProductDependencies = (
			);
			productName = ReadEvalPrintLoopTests;
			productReference = 869B6C832EE254620088CB7E /* ReadEvalPrintLoopTests.xctest */;
			productType = "com.apple.product-type.bundle.unit-test";
		};
		869B6C8C2EE254620088CB7E /* ReadEvalPrintLoopUITests */ = {
			isa = PBXNativeTarget;
			buildConfigurationList = 869B6C9E2EE254620088CB7E /* Build configuration list for PBXNativeTarget "ReadEvalPrintLoopUITests" */;
			buildPhases = (
				869B6C892EE254620088CB7E /* Sources */,
				869B6C8A2EE254620088CB7E /* Frameworks */,
				869B6C8B2EE254620088CB7E /* Resources */,
			);
			buildRules = (
			);
			dependencies = (
				869B6C8F2EE254620088CB7E /* PBXTargetDependency */,
			);
			fileSystemSynchronizedGroups = (
				869B6C902EE254620088CB7E /* ReadEvalPrintLoopUITests */,
			);
			name = ReadEvalPrintLoopUITests;
			packageProductDependencies = (
			);
			productName = ReadEvalPrintLoopUITests;
			productReference = 869B6C8D2EE254620088CB7E /* ReadEvalPrintLoopUITests.xctest */;
			productType = "com.apple.product-type.bundle.ui-testing";
		};
/* End PBXNativeTarget section */

/* Begin PBXProject section */
		869B6C6A2EE254610088CB7E /* Project object */ = {
			isa = PBXProject;
			attributes = {
				BuildIndependentTargetsInParallel = 1;
				LastSwiftUpdateCheck = 2610;
				LastUpgradeCheck = 2610;
				TargetAttributes = {
					869B6C712EE254610088CB7E = {
						CreatedOnToolsVersion = 26.1.1;
					};
					869B6C822EE254620088CB7E = {
						CreatedOnToolsVersion = 26.1.1;
						TestTargetID = 869B6C712EE254610088CB7E;
					};
					869B6C8C2EE254620088CB7E = {
						CreatedOnToolsVersion = 26.1.1;
						TestTargetID = 869B6C712EE254610088CB7E;
					};
				};
			};
			buildConfigurationList = 869B6C6D2EE254610088CB7E /* Build configuration list for PBXProject "ReadEvalPrintLoop" */;
			developmentRegion = en;
			hasScannedForEncodings = 0;
			knownRegions = (
				en,
				Base,
			);
			mainGroup = 869B6C692EE254610088CB7E;
			minimizedProjectReferenceProxies = 1;
			packageReferences = (
				869B4B6F2EE2788300FF118A /* XCRemoteSwiftPackageReference "highlightswift" */,
				868159FE2EE66A4200AC7DA4 /* XCRemoteSwiftPackageReference "swiftui-introspect" */,
			);
			preferredProjectObjectVersion = 77;
			productRefGroup = 869B6C732EE254610088CB7E /* Products */;
			projectDirPath = "";
			projectRoot = "";
			targets = (
				869B6C712EE254610088CB7E /* ReadEvalPrintLoop */,
				869B6C822EE254620088CB7E /* ReadEvalPrintLoopTests */,
				869B6C8C2EE254620088CB7E /* ReadEvalPrintLoopUITests */,
			);
		};
/* End PBXProject section */

/* Begin PBXResourcesBuildPhase section */
		869B6C702EE254610088CB7E /* Resources */ = {
			isa = PBXResourcesBuildPhase;
			buildActionMask = 2147483647;
			files = (
			);
			runOnlyForDeploymentPostprocessing = 0;
		};
		869B6C812EE254620088CB7E /* Resources */ = {
			isa = PBXResourcesBuildPhase;
			buildActionMask = 2147483647;
			files = (
			);
			runOnlyForDeploymentPostprocessing = 0;
		};
		869B6C8B2EE254620088CB7E /* Resources */ = {
			isa = PBXResourcesBuildPhase;
			buildActionMask = 2147483647;
			files = (
			);
			runOnlyForDeploymentPostprocessing = 0;
		};
/* End PBXResourcesBuildPhase section */

/* Begin PBXSourcesBuildPhase section */
		869B6C6E2EE254610088CB7E /* Sources */ = {
			isa = PBXSourcesBuildPhase;
			buildActionMask = 2147483647;
			files = (
			);
			runOnlyForDeploymentPostprocessing = 0;
		};
		869B6C7F2EE254620088CB7E /* Sources */ = {
			isa = PBXSourcesBuildPhase;
			buildActionMask = 2147483647;
			files = (
			);
			runOnlyForDeploymentPostprocessing = 0;
		};
		869B6C892EE254620088CB7E /* Sources */ = {
			isa = PBXSourcesBuildPhase;
			buildActionMask = 2147483647;
			files = (
			);
			runOnlyForDeploymentPostprocessing = 0;
		};
/* End PBXSourcesBuildPhase section */

/* Begin PBXTargetDependency section */
		869B6C852EE254620088CB7E /* PBXTargetDependency */ = {
			isa = PBXTargetDependency;
			target = 869B6C712EE254610088CB7E /* ReadEvalPrintLoop */;
			targetProxy = 869B6C842EE254620088CB7E /* PBXContainerItemProxy */;
		};
		869B6C8F2EE254620088CB7E /* PBXTargetDependency */ = {
			isa = PBXTargetDependency;
			target = 869B6C712EE254610088CB7E /* ReadEvalPrintLoop */;
			targetProxy = 869B6C8E2EE254620088CB7E /* PBXContainerItemProxy */;
		};
/* End PBXTargetDependency section */

/* Begin XCBuildConfiguration section */
		869B6C972EE254620088CB7E /* Debug */ = {
			isa = XCBuildConfiguration;
			buildSettings = {
				ASSETCATALOG_COMPILER_APPICON_NAME = "interim-icon";
				ASSETCATALOG_COMPILER_GLOBAL_ACCENT_COLOR_NAME = AccentColor;
				CODE_SIGN_STYLE = Automatic;
				CURRENT_PROJECT_VERSION = 1;
				ENABLE_APP_SANDBOX = YES;
				ENABLE_PREVIEWS = YES;
				ENABLE_USER_SELECTED_FILES = readonly;
				GENERATE_INFOPLIST_FILE = YES;
				INFOPLIST_FILE = ReadEvalPrintLoop/Info.plist;
				"INFOPLIST_KEY_UIApplicationSceneManifest_Generation[sdk=iphoneos*]" = YES;
				"INFOPLIST_KEY_UIApplicationSceneManifest_Generation[sdk=iphonesimulator*]" = YES;
				"INFOPLIST_KEY_UIApplicationSupportsIndirectInputEvents[sdk=iphoneos*]" = YES;
				"INFOPLIST_KEY_UIApplicationSupportsIndirectInputEvents[sdk=iphonesimulator*]" = YES;
				"INFOPLIST_KEY_UILaunchScreen_Generation[sdk=iphoneos*]" = YES;
				"INFOPLIST_KEY_UILaunchScreen_Generation[sdk=iphonesimulator*]" = YES;
				"INFOPLIST_KEY_UIStatusBarStyle[sdk=iphoneos*]" = UIStatusBarStyleDefault;
				"INFOPLIST_KEY_UIStatusBarStyle[sdk=iphonesimulator*]" = UIStatusBarStyleDefault;
				INFOPLIST_KEY_UISupportedInterfaceOrientations_iPad = "UIInterfaceOrientationPortrait UIInterfaceOrientationPortraitUpsideDown UIInterfaceOrientationLandscapeLeft UIInterfaceOrientationLandscapeRight";
				INFOPLIST_KEY_UISupportedInterfaceOrientations_iPhone = "UIInterfaceOrientationPortrait UIInterfaceOrientationLandscapeLeft UIInterfaceOrientationLandscapeRight";
				IPHONEOS_DEPLOYMENT_TARGET = 26.1;
				LD_RUNPATH_SEARCH_PATHS = "@executable_path/Frameworks";
				"LD_RUNPATH_SEARCH_PATHS[sdk=macosx*]" = "@executable_path/../Frameworks";
				MACOSX_DEPLOYMENT_TARGET = 26.1;
				MARKETING_VERSION = 1.0;
				PRODUCT_BUNDLE_IDENTIFIER = me.piperswe.ReadEvalPrintLoop;
				PRODUCT_NAME = "$(TARGET_NAME)";
				REGISTER_APP_GROUPS = YES;
				SDKROOT = auto;
				STRING_CATALOG_GENERATE_SYMBOLS = YES;
				SUPPORTED_PLATFORMS = "iphoneos iphonesimulator macosx xros xrsimulator";
				SWIFT_APPROACHABLE_CONCURRENCY = YES;
				SWIFT_DEFAULT_ACTOR_ISOLATION = MainActor;
				SWIFT_EMIT_LOC_STRINGS = YES;
				SWIFT_UPCOMING_FEATURE_MEMBER_IMPORT_VISIBILITY = YES;
				SWIFT_VERSION = 5.0;
				TARGETED_DEVICE_FAMILY = "1,2,7";
				XROS_DEPLOYMENT_TARGET = 26.1;
			};
			name = Debug;
		};
		869B6C982EE254620088CB7E /* Release */ = {
			isa = XCBuildConfiguration;
			buildSettings = {
				ASSETCATALOG_COMPILER_APPICON_NAME = "interim-icon";
				ASSETCATALOG_COMPILER_GLOBAL_ACCENT_COLOR_NAME = AccentColor;
				CODE_SIGN_STYLE = Automatic;
				CURRENT_PROJECT_VERSION = 1;
				ENABLE_APP_SANDBOX = YES;
				ENABLE_PREVIEWS = YES;
				ENABLE_USER_SELECTED_FILES = readonly;
				GENERATE_INFOPLIST_FILE = YES;
				INFOPLIST_FILE = ReadEvalPrintLoop/Info.plist;
				"INFOPLIST_KEY_UIApplicationSceneManifest_Generation[sdk=iphoneos*]" = YES;
				"INFOPLIST_KEY_UIApplicationSceneManifest_Generation[sdk=iphonesimulator*]" = YES;
				"INFOPLIST_KEY_UIApplicationSupportsIndirectInputEvents[sdk=iphoneos*]" = YES;
				"INFOPLIST_KEY_UIApplicationSupportsIndirectInputEvents[sdk=iphonesimulator*]" = YES;
				"INFOPLIST_KEY_UILaunchScreen_Generation[sdk=iphoneos*]" = YES;
				"INFOPLIST_KEY_UILaunchScreen_Generation[sdk=iphonesimulator*]" = YES;
				"INFOPLIST_KEY_UIStatusBarStyle[sdk=iphoneos*]" = UIStatusBarStyleDefault;
				"INFOPLIST_KEY_UIStatusBarStyle[sdk=iphonesimulator*]" = UIStatusBarStyleDefault;
				INFOPLIST_KEY_UISupportedInterfaceOrientations_iPad = "UIInterfaceOrientationPortrait UIInterfaceOrientationPortraitUpsideDown UIInterfaceOrientationLandscapeLeft UIInterfaceOrientationLandscapeRight";
				INFOPLIST_KEY_UISupportedInterfaceOrientations_iPhone = "UIInterfaceOrientationPortrait UIInterfaceOrientationLandscapeLeft UIInterfaceOrientationLandscapeRight";
				IPHONEOS_DEPLOYMENT_TARGET = 26.1;
				LD_RUNPATH_SEARCH_PATHS = "@executable_path/Frameworks";
				"LD_RUNPATH_SEARCH_PATHS[sdk=macosx*]" = "@executable_path/../Frameworks";
				MACOSX_DEPLOYMENT_TARGET = 26.1;
				MARKETING_VERSION = 1.0;
				PRODUCT_BUNDLE_IDENTIFIER = me.piperswe.ReadEvalPrintLoop;
				PRODUCT_NAME = "$(TARGET_NAME)";
				REGISTER_APP_GROUPS = YES;
				SDKROOT = auto;
				STRING_CATALOG_GENERATE_SYMBOLS = YES;
				SUPPORTED_PLATFORMS = "iphoneos iphonesimulator macosx xros xrsimulator";
				SWIFT_APPROACHABLE_CONCURRENCY = YES;
				SWIFT_DEFAULT_ACTOR_ISOLATION = MainActor;
				SWIFT_EMIT_LOC_STRINGS = YES;
				SWIFT_UPCOMING_FEATURE_MEMBER_IMPORT_VISIBILITY = YES;
				SWIFT_VERSION = 5.0;
				TARGETED_DEVICE_FAMILY = "1,2,7";
				XROS_DEPLOYMENT_TARGET = 26.1;
			};
			name = Release;
		};
		869B6C992EE254620088CB7E /* Debug */ = {
			isa = XCBuildConfiguration;
			buildSettings = {
				ALWAYS_SEARCH_USER_PATHS = NO;
				ASSETCATALOG_COMPILER_GENERATE_SWIFT_ASSET_SYMBOL_EXTENSIONS = YES;
				CLANG_ANALYZER_NONNULL = YES;
				CLANG_ANALYZER_NUMBER_OBJECT_CONVERSION = YES_AGGRESSIVE;
				CLANG_CXX_LANGUAGE_STANDARD = "gnu++20";
				CLANG_ENABLE_MODULES = YES;
				CLANG_ENABLE_OBJC_ARC = YES;
				CLANG_ENABLE_OBJC_WEAK = YES;
				CLANG_WARN_BLOCK_CAPTURE_AUTORELEASING = YES;
				CLANG_WARN_BOOL_CONVERSION = YES;
				CLANG_WARN_COMMA = YES;
				CLANG_WARN_CONSTANT_CONVERSION = YES;
				CLANG_WARN_DEPRECATED_OBJC_IMPLEMENTATIONS = YES;
				CLANG_WARN_DIRECT_OBJC_ISA_USAGE = YES_ERROR;
				CLANG_WARN_DOCUMENTATION_COMMENTS = YES;
				CLANG_WARN_EMPTY_BODY = YES;
				CLANG_WARN_ENUM_CONVERSION = YES;
				CLANG_WARN_INFINITE_RECURSION = YES;
				CLANG_WARN_INT_CONVERSION = YES;
				CLANG_WARN_NON_LITERAL_NULL_CONVERSION = YES;
				CLANG_WARN_OBJC_IMPLICIT_RETAIN_SELF = YES;
				CLANG_WARN_OBJC_LITERAL_CONVERSION = YES;
				CLANG_WARN_OBJC_ROOT_CLASS = YES_ERROR;
				CLANG_WARN_QUOTED_INCLUDE_IN_FRAMEWORK_HEADER = YES;
				CLANG_WARN_RANGE_LOOP_ANALYSIS = YES;
				CLANG_WARN_STRICT_PROTOTYPES = YES;
				CLANG_WARN_SUSPICIOUS_MOVE = YES;
				CLANG_WARN_UNGUARDED_AVAILABILITY = YES_AGGRESSIVE;
				CLANG_WARN_UNREACHABLE_CODE = YES;
				CLANG_WARN__DUPLICATE_METHOD_MATCH = YES;
				COPY_PHASE_STRIP = NO;
				DEBUG_INFORMATION_FORMAT = dwarf;
				ENABLE_STRICT_OBJC_MSGSEND = YES;
				ENABLE_TESTABILITY = YES;
				ENABLE_USER_SCRIPT_SANDBOXING = YES;
				GCC_C_LANGUAGE_STANDARD = gnu17;
				GCC_DYNAMIC_NO_PIC = NO;
				GCC_NO_COMMON_BLOCKS = YES;
				GCC_OPTIMIZATION_LEVEL = 0;
				GCC_PREPROCESSOR_DEFINITIONS = (
					"DEBUG=1",
					"$(inherited)",
				);
				GCC_WARN_64_TO_32_BIT_CONVERSION = YES;
				GCC_WARN_ABOUT_RETURN_TYPE = YES_ERROR;
				GCC_WARN_UNDECLARED_SELECTOR = YES;
				GCC_WARN_UNINITIALIZED_AUTOS = YES_AGGRESSIVE;
				GCC_WARN_UNUSED_FUNCTION = YES;
				GCC_WARN_UNUSED_VARIABLE = YES;
				LOCALIZATION_PREFERS_STRING_CATALOGS = YES;
				MTL_ENABLE_DEBUG_INFO = INCLUDE_SOURCE;
				MTL_FAST_MATH = YES;
				ONLY_ACTIVE_ARCH = YES;
				SWIFT_ACTIVE_COMPILATION_CONDITIONS = "DEBUG $(inherited)";
				SWIFT_OPTIMIZATION_LEVEL = "-Onone";
			};
			name = Debug;
		};
		869B6C9A2EE254620088CB7E /* Release */ = {
			isa = XCBuildConfiguration;
			buildSettings = {
				ALWAYS_SEARCH_USER_PATHS = NO;
				ASSETCATALOG_COMPILER_GENERATE_SWIFT_ASSET_SYMBOL_EXTENSIONS = YES;
				CLANG_ANALYZER_NONNULL = YES;
				CLANG_ANALYZER_NUMBER_OBJECT_CONVERSION = YES_AGGRESSIVE;
				CLANG_CXX_LANGUAGE_STANDARD = "gnu++20";
				CLANG_ENABLE_MODULES = YES;
				CLANG_ENABLE_OBJC_ARC = YES;
				CLANG_ENABLE_OBJC_WEAK = YES;
				CLANG_WARN_BLOCK_CAPTURE_AUTORELEASING = YES;
				CLANG_WARN_BOOL_CONVERSION = YES;
				CLANG_WARN_COMMA = YES;
				CLANG_WARN_CONSTANT_CONVERSION = YES;
				CLANG_WARN_DEPRECATED_OBJC_IMPLEMENTATIONS = YES;
				CLANG_WARN_DIRECT_OBJC_ISA_USAGE = YES_ERROR;
				CLANG_WARN_DOCUMENTATION_COMMENTS = YES;
				CLANG_WARN_EMPTY_BODY = YES;
				CLANG_WARN_ENUM_CONVERSION = YES;
				CLANG_WARN_INFINITE_RECURSION = YES;
				CLANG_WARN_INT_CONVERSION = YES;
				CLANG_WARN_NON_LITERAL_NULL_CONVERSION = YES;
				CLANG_WARN_OBJC_IMPLICIT_RETAIN_SELF = YES;
				CLANG_WARN_OBJC_LITERAL_CONVERSION = YES;
				CLANG_WARN_OBJC_ROOT_CLASS = YES_ERROR;
				CLANG_WARN_QUOTED_INCLUDE_IN_FRAMEWORK_HEADER = YES;
				CLANG_WARN_RANGE_LOOP_ANALYSIS = YES;
				CLANG_WARN_STRICT_PROTOTYPES = YES;
				CLANG_WARN_SUSPICIOUS_MOVE = YES;
				CLANG_WARN_UNGUARDED_AVAILABILITY = YES_AGGRESSIVE;
				CLANG_WARN_UNREACHABLE_CODE = YES;
				CLANG_WARN__DUPLICATE_METHOD_MATCH = YES;
				COPY_PHASE_STRIP = NO;
				DEBUG_INFORMATION_FORMAT = "dwarf-with-dsym";
				ENABLE_NS_ASSERTIONS = NO;
				ENABLE_STRICT_OBJC_MSGSEND = YES;
				ENABLE_USER_SCRIPT_SANDBOXING = YES;
				GCC_C_LANGUAGE_STANDARD = gnu17;
				GCC_NO_COMMON_BLOCKS = YES;
				GCC_WARN_64_TO_32_BIT_CONVERSION = YES;
				GCC_WARN_ABOUT_RETURN_TYPE = YES_ERROR;
				GCC_WARN_UNDECLARED_SELECTOR = YES;
				GCC_WARN_UNINITIALIZED_AUTOS = YES_AGGRESSIVE;
				GCC_WARN_UNUSED_FUNCTION = YES;
				GCC_WARN_UNUSED_VARIABLE = YES;
				LOCALIZATION_PREFERS_STRING_CATALOGS = YES;
				MTL_ENABLE_DEBUG_INFO = NO;
				MTL_FAST_MATH = YES;
				SWIFT_COMPILATION_MODE = wholemodule;
			};
			name = Release;
		};
		869B6C9C2EE254620088CB7E /* Debug */ = {
			isa = XCBuildConfiguration;
			buildSettings = {
				BUNDLE_LOADER = "$(TEST_HOST)";
				CODE_SIGN_STYLE = Automatic;
				CURRENT_PROJECT_VERSION = 1;
				GENERATE_INFOPLIST_FILE = YES;
				IPHONEOS_DEPLOYMENT_TARGET = 26.1;
				MACOSX_DEPLOYMENT_TARGET = 26.1;
				MARKETING_VERSION = 1.0;
				PRODUCT_BUNDLE_IDENTIFIER = me.piperswe.ReadEvalPrintLoopTests;
				PRODUCT_NAME = "$(TARGET_NAME)";
				SDKROOT = auto;
				STRING_CATALOG_GENERATE_SYMBOLS = NO;
				SUPPORTED_PLATFORMS = "iphoneos iphonesimulator macosx xros xrsimulator";
				SWIFT_APPROACHABLE_CONCURRENCY = YES;
				SWIFT_EMIT_LOC_STRINGS = NO;
				SWIFT_UPCOMING_FEATURE_MEMBER_IMPORT_VISIBILITY = YES;
				SWIFT_VERSION = 5.0;
				TARGETED_DEVICE_FAMILY = "1,2,7";
				TEST_HOST = "$(BUILT_PRODUCTS_DIR)/ReadEvalPrintLoop.app/$(BUNDLE_EXECUTABLE_FOLDER_PATH)/ReadEvalPrintLoop";
				XROS_DEPLOYMENT_TARGET = 26.1;
			};
			name = Debug;
		};
		869B6C9D2EE254620088CB7E /* Release */ = {
			isa = XCBuildConfiguration;
			buildSettings = {
				BUNDLE_LOADER = "$(TEST_HOST)";
				CODE_SIGN_STYLE = Automatic;
				CURRENT_PROJECT_VERSION = 1;
				GENERATE_INFOPLIST_FILE = YES;
				IPHONEOS_DEPLOYMENT_TARGET = 26.1;
				MACOSX_DEPLOYMENT_TARGET = 26.1;
				MARKETING_VERSION = 1.0;
				PRODUCT_BUNDLE_IDENTIFIER = me.piperswe.ReadEvalPrintLoopTests;
				PRODUCT_NAME = "$(TARGET_NAME)";
				SDKROOT = auto;
				STRING_CATALOG_GENERATE_SYMBOLS = NO;
				SUPPORTED_PLATFORMS = "iphoneos iphonesimulator macosx xros xrsimulator";
				SWIFT_APPROACHABLE_CONCURRENCY = YES;
				SWIFT_EMIT_LOC_STRINGS = NO;
				SWIFT_UPCOMING_FEATURE_MEMBER_IMPORT_VISIBILITY = YES;
				SWIFT_VERSION = 5.0;
				TARGETED_DEVICE_FAMILY = "1,2,7";
				TEST_HOST = "$(BUILT_PRODUCTS_DIR)/ReadEvalPrintLoop.app/$(BUNDLE_EXECUTABLE_FOLDER_PATH)/ReadEvalPrintLoop";
				XROS_DEPLOYMENT_TARGET = 26.1;
			};
			name = Release;
		};
		869B6C9F2EE254620088CB7E /* Debug */ = {
			isa = XCBuildConfiguration;
			buildSettings = {
				CODE_SIGN_STYLE = Automatic;
				CURRENT_PROJECT_VERSION = 1;
				GENERATE_INFOPLIST_FILE = YES;
				IPHONEOS_DEPLOYMENT_TARGET = 26.1;
				MACOSX_DEPLOYMENT_TARGET = 26.1;
				MARKETING_VERSION = 1.0;
				PRODUCT_BUNDLE_IDENTIFIER = me.piperswe.ReadEvalPrintLoopUITests;
				PRODUCT_NAME = "$(TARGET_NAME)";
				SDKROOT = auto;
				STRING_CATALOG_GENERATE_SYMBOLS = NO;
				SUPPORTED_PLATFORMS = "iphoneos iphonesimulator macosx xros xrsimulator";
				SWIFT_APPROACHABLE_CONCURRENCY = YES;
				SWIFT_EMIT_LOC_STRINGS = NO;
				SWIFT_UPCOMING_FEATURE_MEMBER_IMPORT_VISIBILITY = YES;
				SWIFT_VERSION = 5.0;
				TARGETED_DEVICE_FAMILY = "1,2,7";
				TEST_TARGET_NAME = ReadEvalPrintLoop;
				XROS_DEPLOYMENT_TARGET = 26.1;
			};
			name = Debug;
		};
		869B6CA02EE254620088CB7E /* Release */ = {
			isa = XCBuildConfiguration;
			buildSettings = {
				CODE_SIGN_STYLE = Automatic;
				CURRENT_PROJECT_VERSION = 1;
				GENERATE_INFOPLIST_FILE = YES;
				IPHONEOS_DEPLOYMENT_TARGET = 26.1;
				MACOSX_DEPLOYMENT_TARGET = 26.1;
				MARKETING_VERSION = 1.0;
				PRODUCT_BUNDLE_IDENTIFIER = me.piperswe.ReadEvalPrintLoopUITests;
				PRODUCT_NAME = "$(TARGET_NAME)";
				SDKROOT = auto;
				STRING_CATALOG_GENERATE_SYMBOLS = NO;
				SUPPORTED_PLATFORMS = "iphoneos iphonesimulator macosx xros xrsimulator";
				SWIFT_APPROACHABLE_CONCURRENCY = YES;
				SWIFT_EMIT_LOC_STRINGS = NO;
				SWIFT_UPCOMING_FEATURE_MEMBER_IMPORT_VISIBILITY = YES;
				SWIFT_VERSION = 5.0;
				TARGETED_DEVICE_FAMILY = "1,2,7";
				TEST_TARGET_NAME = ReadEvalPrintLoop;
				XROS_DEPLOYMENT_TARGET = 26.1;
			};
			name = Release;
		};
/* End XCBuildConfiguration section */

/* Begin XCConfigurationList section */
		869B6C6D2EE254610088CB7E /* Build configuration list for PBXProject "ReadEvalPrintLoop" */ = {
			isa = XCConfigurationList;
			buildConfigurations = (
				869B6C992EE254620088CB7E /* Debug */,
				869B6C9A2EE254620088CB7E /* Release */,
			);
			defaultConfigurationIsVisible = 0;
			defaultConfigurationName = Release;
		};
		869B6C962EE254620088CB7E /* Build configuration list for PBXNativeTarget "ReadEvalPrintLoop" */ = {
			isa = XCConfigurationList;
			buildConfigurations = (
				869B6C972EE254620088CB7E /* Debug */,
				869B6C982EE254620088CB7E /* Release */,
			);
			defaultConfigurationIsVisible = 0;
			defaultConfigurationName = Release;
		};
		869B6C9B2EE254620088CB7E /* Build configuration list for PBXNativeTarget "ReadEvalPrintLoopTests" */ = {
			isa = XCConfigurationList;
			buildConfigurations = (
				869B6C9C2EE254620088CB7E /* Debug */,
				869B6C9D2EE254620088CB7E /* Release */,
			);
			defaultConfigurationIsVisible = 0;
			defaultConfigurationName = Release;
		};
		869B6C9E2EE254620088CB7E /* Build configuration list for PBXNativeTarget "ReadEvalPrintLoopUITests" */ = {
			isa = XCConfigurationList;
			buildConfigurations = (
				869B6C9F2EE254620088CB7E /* Debug */,
				869B6CA02EE254620088CB7E /* Release */,
			);
			defaultConfigurationIsVisible = 0;
			defaultConfigurationName = Release;
		};
/* End XCConfigurationList section */

/* Begin XCRemoteSwiftPackageReference section */
		868159FE2EE66A4200AC7DA4 /* XCRemoteSwiftPackageReference "swiftui-introspect" */ = {
			isa = XCRemoteSwiftPackageReference;
			repositoryURL = "https://github.com/siteline/swiftui-introspect";
			requirement = {
				kind = upToNextMajorVersion;
				minimumVersion = 26.0.0;
			};
		};
		869B4B6F2EE2788300FF118A /* XCRemoteSwiftPackageReference "highlightswift" */ = {
			isa = XCRemoteSwiftPackageReference;
			repositoryURL = "https://github.com/appstefan/highlightswift";
			requirement = {
				kind = upToNextMajorVersion;
				minimumVersion = 1.0.9;
			};
		};
/* End XCRemoteSwiftPackageReference section */

/* Begin XCSwiftPackageProductDependency section */
		868159FF2EE66A4200AC7DA4 /* SwiftUIIntrospect */ = {
			isa = XCSwiftPackageProductDependency;
			package = 868159FE2EE66A4200AC7DA4 /* XCRemoteSwiftPackageReference "swiftui-introspect" */;
			productName = SwiftUIIntrospect;
		};
		869B4B702EE2788300FF118A /* HighlightSwift */ = {
			isa = XCSwiftPackageProductDependency;
			package = 869B4B6F2EE2788300FF118A /* XCRemoteSwiftPackageReference "highlightswift" */;
			productName = HighlightSwift;
		};
/* End XCSwiftPackageProductDependency section */
	};
	rootObject = 869B6C6A2EE254610088CB7E /* Project object */;
}
